{
  "name": "apextrend-backend",
  "version": "0.1.0",
  "lockfileVersion": 3,
  "requires": true,
  "packages": {
    "": {
      "name": "apextrend-backend",
      "version": "0.1.0",
      "dependencies": {
        "@supabase/supabase-js": "file:vendor/supabase-js",
        "cors": "file:vendor/cors",
        "dotenv": "file:vendor/dotenv",
        "express": "file:vendor/express",
        "helmet": "file:vendor/helmet"
      }
    },
    "node_modules/@supabase/supabase-js": {
      "resolved": "vendor/supabase-js",
      "link": true
    },
    "node_modules/cors": {
      "resolved": "vendor/cors",
      "link": true
    },
    "node_modules/dotenv": {
      "resolved": "vendor/dotenv",
      "link": true
    },
    "node_modules/express": {
      "resolved": "vendor/express",
      "link": true
    },
    "node_modules/helmet": {
      "resolved": "vendor/helmet",
      "link": true
    },
    "vendor/cors": {
      "version": "0.0.0-apextrend-local"
    },
    "vendor/dotenv": {
      "version": "0.0.0-apextrend-local"
    },
    "vendor/express": {
      "version": "0.0.0-apextrend-local"
    },
    "vendor/helmet": {
      "version": "0.0.0-apextrend-local"
    },
    "vendor/supabase-js": {
      "name": "@supabase/supabase-js",
      "version": "0.0.0-apextrend-local"
    }
  }
}
